
Microsoft Visual Studio Solution File, Format Version 12.00
# Visual Studio Version 17
VisualStudioVersion = 17.1.32319.34
MinimumVisualStudioVersion = 10.0.40219.1
Project("{FAE04EC0-301F-11D3-BF4B-00C04F79EFBC}") = "adapter", "adapter\adapter.csproj", "{1CF07C70-CE6F-451B-9097-5F38553A297E}"
EndProject
Global
	GlobalSection(SolutionConfigurationPlatforms) = preSolution
		Debug|Any CPU = Debug|Any CPU
		Release|Any CPU = Release|Any CPU
	EndGlobalSection
	GlobalSection(ProjectConfigurationPlatforms) = postSolution
		{1CF07C70-CE6F-451B-9097-5F38553A297E}.Debug|Any CPU.ActiveCfg = Debug|Any CPU
		{1CF07C70-CE6F-451B-9097-5F38553A297E}.Debug|Any CPU.Build.0 = Debug|Any CPU
		{1CF07C70-CE6F-451B-9097-5F38553A297E}.Release|Any CPU.ActiveCfg = Release|Any CPU
		{1CF07C70-CE6F-451B-9097-5F38553A297E}.Release|Any CPU.Build.0 = Release|Any CPU
	EndGlobalSection
	GlobalSection(SolutionProperties) = preSolution
		HideSolutionNode = FALSE
	EndGlobalSection
	GlobalSection(ExtensibilityGlobals) = postSolution
		SolutionGuid = {FE8EBB82-0BD2-44F8-8A99-7BCB75E1D3C3}
	EndGlobalSection
EndGlobal
