
Microsoft Visual Studio Solution File, Format Version 12.00
# Visual Studio Version 17
VisualStudioVersion = 17.1.32319.34
MinimumVisualStudioVersion = 10.0.40219.1
Project("{FAE04EC0-301F-11D3-BF4B-00C04F79EFBC}") = "iterator", "iterator\iterator.csproj", "{2AFA2421-E4E1-4A65-A6EB-20A7F3A47431}"
EndProject
Global
	GlobalSection(SolutionConfigurationPlatforms) = preSolution
		Debug|Any CPU = Debug|Any CPU
		Release|Any CPU = Release|Any CPU
	EndGlobalSection
	GlobalSection(ProjectConfigurationPlatforms) = postSolution
		{2AFA2421-E4E1-4A65-A6EB-20A7F3A47431}.Debug|Any CPU.ActiveCfg = Debug|Any CPU
		{2AFA2421-E4E1-4A65-A6EB-20A7F3A47431}.Debug|Any CPU.Build.0 = Debug|Any CPU
		{2AFA2421-E4E1-4A65-A6EB-20A7F3A47431}.Release|Any CPU.ActiveCfg = Release|Any CPU
		{2AFA2421-E4E1-4A65-A6EB-20A7F3A47431}.Release|Any CPU.Build.0 = Release|Any CPU
	EndGlobalSection
	GlobalSection(SolutionProperties) = preSolution
		HideSolutionNode = FALSE
	EndGlobalSection
	GlobalSection(ExtensibilityGlobals) = postSolution
		SolutionGuid = {FE7A019B-9B0C-49BF-8F66-7E2FCE760785}
	EndGlobalSection
EndGlobal
